
Microsoft Visual Studio Solution File, Format Version 12.00
# Visual Studio Version 17
VisualStudioVersion = 17.5.002.0
MinimumVisualStudioVersion = 10.0.40219.1
Project("{9A19103F-16F7-4668-BE54-9A1E7A4F7556}") = "TodoDotnet", "TodoDotnet.csproj", "{ABE6DE3F-1B70-4EA4-821A-BC46318432AD}"
EndProject
Global
	GlobalSection(SolutionConfigurationPlatforms) = preSolution
		Debug|Any CPU = Debug|Any CPU
		Release|Any CPU = Release|Any CPU
	EndGlobalSection
	GlobalSection(ProjectConfigurationPlatforms) = postSolution
		{ABE6DE3F-1B70-4EA4-821A-BC46318432AD}.Debug|Any CPU.ActiveCfg = Debug|Any CPU
		{ABE6DE3F-1B70-4EA4-821A-BC46318432AD}.Debug|Any CPU.Build.0 = Debug|Any CPU
		{ABE6DE3F-1B70-4EA4-821A-BC46318432AD}.Release|Any CPU.ActiveCfg = Release|Any CPU
		{ABE6DE3F-1B70-4EA4-821A-BC46318432AD}.Release|Any CPU.Build.0 = Release|Any CPU
	EndGlobalSection
	GlobalSection(SolutionProperties) = preSolution
		HideSolutionNode = FALSE
	EndGlobalSection
	GlobalSection(ExtensibilityGlobals) = postSolution
		SolutionGuid = {7F02FE10-5C33-45CA-A71E-35C74D4AA323}
	EndGlobalSection
EndGlobal
